
Microsoft Visual Studio Solution File, Format Version 12.00
# Visual Studio Version 16
VisualStudioVersion = 16.0.30709.132
MinimumVisualStudioVersion = 10.0.40219.1
Project("{FAE04EC0-301F-11D3-BF4B-00C04F79EFBC}") = "L5RHelper.UWP", "L5RHelper\L5RHelper.UWP\L5RHelper.UWP.csproj", "{602DED7D-DE7B-42A3-A894-FDFA1279D536}"
EndProject
Project("{FAE04EC0-301F-11D3-BF4B-00C04F79EFBC}") = "L5RHelper.Android", "L5RHelper\L5RHelper.Android\L5RHelper.Android.csproj", "{4A30E7A2-CE14-40BA-9666-6878ADE63772}"
EndProject
Project("{9A19103F-16F7-4668-BE54-9A1E7A4F7556}") = "L5RHelper", "L5RHelper\L5RHelper\L5RHelper.csproj", "{B684B510-FA41-490B-84AE-389037BC9A61}"
EndProject
Project("{FAE04EC0-301F-11D3-BF4B-00C04F79EFBC}") = "MyLibrary.UWP", "MyLibrary\MyLibrary.UWP\MyLibrary.UWP.csproj", "{992EF93B-6161-4185-83E1-7AF5D99FBBB4}"
EndProject
Project("{FAE04EC0-301F-11D3-BF4B-00C04F79EFBC}") = "MyLibrary.Android", "MyLibrary\MyLibrary.Android\MyLibrary.Android.csproj", "{19988708-454F-4895-963E-FFCDAEBC6EF3}"
EndProject
Project("{FAE04EC0-301F-11D3-BF4B-00C04F79EFBC}") = "MyLibrary.iOS", "MyLibrary\MyLibrary.iOS\MyLibrary.iOS.csproj", "{9144C2CD-69CA-46A4-8297-7D2B34BD94BF}"
EndProject
Project("{FAE04EC0-301F-11D3-BF4B-00C04F79EFBC}") = "MyLibrary", "MyLibrary\MyLibrary\MyLibrary.csproj", "{B4301151-29A8-42E2-9F20-0831070B8956}"
EndProject
Project("{2150E333-8FDC-42A3-9474-1A3956D46DE8}") = "Library", "Library", "{719C0A04-E1A9-476F-B195-9EB88FAF647B}"
EndProject
Project("{2150E333-8FDC-42A3-9474-1A3956D46DE8}") = "L5R", "L5R", "{55B1C0EA-6B2D-4A2E-AB42-1603CDC2D696}"
EndProject
Global
	GlobalSection(SolutionConfigurationPlatforms) = preSolution
		Debug|Any CPU = Debug|Any CPU
		Debug|ARM = Debug|ARM
		Debug|iPhone = Debug|iPhone
		Debug|iPhoneSimulator = Debug|iPhoneSimulator
		Debug|x64 = Debug|x64
		Debug|x86 = Debug|x86
		Release|Any CPU = Release|Any CPU
		Release|ARM = Release|ARM
		Release|iPhone = Release|iPhone
		Release|iPhoneSimulator = Release|iPhoneSimulator
		Release|x64 = Release|x64
		Release|x86 = Release|x86
	EndGlobalSection
	GlobalSection(ProjectConfigurationPlatforms) = postSolution
		{602DED7D-DE7B-42A3-A894-FDFA1279D536}.Debug|Any CPU.ActiveCfg = Debug|x86
		{602DED7D-DE7B-42A3-A894-FDFA1279D536}.Debug|Any CPU.Build.0 = Debug|x86
		{602DED7D-DE7B-42A3-A894-FDFA1279D536}.Debug|Any CPU.Deploy.0 = Debug|x86
		{602DED7D-DE7B-42A3-A894-FDFA1279D536}.Debug|ARM.ActiveCfg = Debug|ARM
		{602DED7D-DE7B-42A3-A894-FDFA1279D536}.Debug|ARM.Build.0 = Debug|ARM
		{602DED7D-DE7B-42A3-A894-FDFA1279D536}.Debug|ARM.Deploy.0 = Debug|ARM
		{602DED7D-DE7B-42A3-A894-FDFA1279D536}.Debug|iPhone.ActiveCfg = Debug|x86
		{602DED7D-DE7B-42A3-A894-FDFA1279D536}.Debug|iPhoneSimulator.ActiveCfg = Debug|x86
		{602DED7D-DE7B-42A3-A894-FDFA1279D536}.Debug|x64.ActiveCfg = Debug|x64
		{602DED7D-DE7B-42A3-A894-FDFA1279D536}.Debug|x64.Build.0 = Debug|x64
		{602DED7D-DE7B-42A3-A894-FDFA1279D536}.Debug|x64.Deploy.0 = Debug|x64
		{602DED7D-DE7B-42A3-A894-FDFA1279D536}.Debug|x86.ActiveCfg = Debug|x86
		{602DED7D-DE7B-42A3-A894-FDFA1279D536}.Debug|x86.Build.0 = Debug|x86
		{602DED7D-DE7B-42A3-A894-FDFA1279D536}.Debug|x86.Deploy.0 = Debug|x86
		{602DED7D-DE7B-42A3-A894-FDFA1279D536}.Release|Any CPU.ActiveCfg = Release|x86
		{602DED7D-DE7B-42A3-A894-FDFA1279D536}.Release|Any CPU.Build.0 = Release|x86
		{602DED7D-DE7B-42A3-A894-FDFA1279D536}.Release|Any CPU.Deploy.0 = Release|x86
		{602DED7D-DE7B-42A3-A894-FDFA1279D536}.Release|ARM.ActiveCfg = Release|ARM
		{602DED7D-DE7B-42A3-A894-FDFA1279D536}.Release|ARM.Build.0 = Release|ARM
		{602DED7D-DE7B-42A3-A894-FDFA1279D536}.Release|ARM.Deploy.0 = Release|ARM
		{602DED7D-DE7B-42A3-A894-FDFA1279D536}.Release|iPhone.ActiveCfg = Release|x86
		{602DED7D-DE7B-42A3-A894-FDFA1279D536}.Release|iPhoneSimulator.ActiveCfg = Release|x86
		{602DED7D-DE7B-42A3-A894-FDFA1279D536}.Release|x64.ActiveCfg = Release|x64
		{602DED7D-DE7B-42A3-A894-FDFA1279D536}.Release|x64.Build.0 = Release|x64
		{602DED7D-DE7B-42A3-A894-FDFA1279D536}.Release|x64.Deploy.0 = Release|x64
		{602DED7D-DE7B-42A3-A894-FDFA1279D536}.Release|x86.ActiveCfg = Release|x86
		{602DED7D-DE7B-42A3-A894-FDFA1279D536}.Release|x86.Build.0 = Release|x86
		{602DED7D-DE7B-42A3-A894-FDFA1279D536}.Release|x86.Deploy.0 = Release|x86
		{4A30E7A2-CE14-40BA-9666-6878ADE63772}.Debug|Any CPU.ActiveCfg = Debug|Any CPU
		{4A30E7A2-CE14-40BA-9666-6878ADE63772}.Debug|Any CPU.Build.0 = Debug|Any CPU
		{4A30E7A2-CE14-40BA-9666-6878ADE63772}.Debug|Any CPU.Deploy.0 = Debug|Any CPU
		{4A30E7A2-CE14-40BA-9666-6878ADE63772}.Debug|ARM.ActiveCfg = Debug|Any CPU
		{4A30E7A2-CE14-40BA-9666-6878ADE63772}.Debug|ARM.Build.0 = Debug|Any CPU
		{4A30E7A2-CE14-40BA-9666-6878ADE63772}.Debug|ARM.Deploy.0 = Debug|Any CPU
		{4A30E7A2-CE14-40BA-9666-6878ADE63772}.Debug|iPhone.ActiveCfg = Debug|Any CPU
		{4A30E7A2-CE14-40BA-9666-6878ADE63772}.Debug|iPhone.Build.0 = Debug|Any CPU
		{4A30E7A2-CE14-40BA-9666-6878ADE63772}.Debug|iPhone.Deploy.0 = Debug|Any CPU
		{4A30E7A2-CE14-40BA-9666-6878ADE63772}.Debug|iPhoneSimulator.ActiveCfg = Debug|Any CPU
		{4A30E7A2-CE14-40BA-9666-6878ADE63772}.Debug|iPhoneSimulator.Build.0 = Debug|Any CPU
		{4A30E7A2-CE14-40BA-9666-6878ADE63772}.Debug|iPhoneSimulator.Deploy.0 = Debug|Any CPU
		{4A30E7A2-CE14-40BA-9666-6878ADE63772}.Debug|x64.ActiveCfg = Debug|Any CPU
		{4A30E7A2-CE14-40BA-9666-6878ADE63772}.Debug|x64.Build.0 = Debug|Any CPU
		{4A30E7A2-CE14-40BA-9666-6878ADE63772}.Debug|x64.Deploy.0 = Debug|Any CPU
		{4A30E7A2-CE14-40BA-9666-6878ADE63772}.Debug|x86.ActiveCfg = Debug|Any CPU
		{4A30E7A2-CE14-40BA-9666-6878ADE63772}.Debug|x86.Build.0 = Debug|Any CPU
		{4A30E7A2-CE14-40BA-9666-6878ADE63772}.Debug|x86.Deploy.0 = Debug|Any CPU
		{4A30E7A2-CE14-40BA-9666-6878ADE63772}.Release|Any CPU.ActiveCfg = Release|Any CPU
		{4A30E7A2-CE14-40BA-9666-6878ADE63772}.Release|Any CPU.Build.0 = Release|Any CPU
		{4A30E7A2-CE14-40BA-9666-6878ADE63772}.Release|Any CPU.Deploy.0 = Release|Any CPU
		{4A30E7A2-CE14-40BA-9666-6878ADE63772}.Release|ARM.ActiveCfg = Release|Any CPU
		{4A30E7A2-CE14-40BA-9666-6878ADE63772}.Release|ARM.Build.0 = Release|Any CPU
		{4A30E7A2-CE14-40BA-9666-6878ADE63772}.Release|ARM.Deploy.0 = Release|Any CPU
		{4A30E7A2-CE14-40BA-9666-6878ADE63772}.Release|iPhone.ActiveCfg = Release|Any CPU
		{4A30E7A2-CE14-40BA-9666-6878ADE63772}.Release|iPhone.Build.0 = Release|Any CPU
		{4A30E7A2-CE14-40BA-9666-6878ADE63772}.Release|iPhone.Deploy.0 = Release|Any CPU
		{4A30E7A2-CE14-40BA-9666-6878ADE63772}.Release|iPhoneSimulator.ActiveCfg = Release|Any CPU
		{4A30E7A2-CE14-40BA-9666-6878ADE63772}.Release|iPhoneSimulator.Build.0 = Release|Any CPU
		{4A30E7A2-CE14-40BA-9666-6878ADE63772}.Release|iPhoneSimulator.Deploy.0 = Release|Any CPU
		{4A30E7A2-CE14-40BA-9666-6878ADE63772}.Release|x64.ActiveCfg = Release|Any CPU
		{4A30E7A2-CE14-40BA-9666-6878ADE63772}.Release|x64.Build.0 = Release|Any CPU
		{4A30E7A2-CE14-40BA-9666-6878ADE63772}.Release|x64.Deploy.0 = Release|Any CPU
		{4A30E7A2-CE14-40BA-9666-6878ADE63772}.Release|x86.ActiveCfg = Release|Any CPU
		{4A30E7A2-CE14-40BA-9666-6878ADE63772}.Release|x86.Build.0 = Release|Any CPU
		{4A30E7A2-CE14-40BA-9666-6878ADE63772}.Release|x86.Deploy.0 = Release|Any CPU
		{B684B510-FA41-490B-84AE-389037BC9A61}.Debug|Any CPU.ActiveCfg = Debug|Any CPU
		{B684B510-FA41-490B-84AE-389037BC9A61}.Debug|Any CPU.Build.0 = Debug|Any CPU
		{B684B510-FA41-490B-84AE-389037BC9A61}.Debug|Any CPU.Deploy.0 = Debug|Any CPU
		{B684B510-FA41-490B-84AE-389037BC9A61}.Debug|ARM.ActiveCfg = Debug|Any CPU
		{B684B510-FA41-490B-84AE-389037BC9A61}.Debug|ARM.Build.0 = Debug|Any CPU
		{B684B510-FA41-490B-84AE-389037BC9A61}.Debug|ARM.Deploy.0 = Debug|Any CPU
		{B684B510-FA41-490B-84AE-389037BC9A61}.Debug|iPhone.ActiveCfg = Debug|Any CPU
		{B684B510-FA41-490B-84AE-389037BC9A61}.Debug|iPhone.Build.0 = Debug|Any CPU
		{B684B510-FA41-490B-84AE-389037BC9A61}.Debug|iPhoneSimulator.ActiveCfg = Debug|Any CPU
		{B684B510-FA41-490B-84AE-389037BC9A61}.Debug|iPhoneSimulator.Build.0 = Debug|Any CPU
		{B684B510-FA41-490B-84AE-389037BC9A61}.Debug|x64.ActiveCfg = Debug|Any CPU
		{B684B510-FA41-490B-84AE-389037BC9A61}.Debug|x64.Build.0 = Debug|Any CPU
		{B684B510-FA41-490B-84AE-389037BC9A61}.Debug|x64.Deploy.0 = Debug|Any CPU
		{B684B510-FA41-490B-84AE-389037BC9A61}.Debug|x86.ActiveCfg = Debug|Any CPU
		{B684B510-FA41-490B-84AE-389037BC9A61}.Debug|x86.Build.0 = Debug|Any CPU
		{B684B510-FA41-490B-84AE-389037BC9A61}.Debug|x86.Deploy.0 = Debug|Any CPU
		{B684B510-FA41-490B-84AE-389037BC9A61}.Release|Any CPU.ActiveCfg = Release|Any CPU
		{B684B510-FA41-490B-84AE-389037BC9A61}.Release|Any CPU.Build.0 = Release|Any CPU
		{B684B510-FA41-490B-84AE-389037BC9A61}.Release|Any CPU.Deploy.0 = Release|Any CPU
		{B684B510-FA41-490B-84AE-389037BC9A61}.Release|ARM.ActiveCfg = Release|Any CPU
		{B684B510-FA41-490B-84AE-389037BC9A61}.Release|ARM.Build.0 = Release|Any CPU
		{B684B510-FA41-490B-84AE-389037BC9A61}.Release|ARM.Deploy.0 = Release|Any CPU
		{B684B510-FA41-490B-84AE-389037BC9A61}.Release|iPhone.ActiveCfg = Release|Any CPU
		{B684B510-FA41-490B-84AE-389037BC9A61}.Release|iPhone.Build.0 = Release|Any CPU
		{B684B510-FA41-490B-84AE-389037BC9A61}.Release|iPhoneSimulator.ActiveCfg = Release|Any CPU
		{B684B510-FA41-490B-84AE-389037BC9A61}.Release|iPhoneSimulator.Build.0 = Release|Any CPU
		{B684B510-FA41-490B-84AE-389037BC9A61}.Release|x64.ActiveCfg = Release|Any CPU
		{B684B510-FA41-490B-84AE-389037BC9A61}.Release|x64.Build.0 = Release|Any CPU
		{B684B510-FA41-490B-84AE-389037BC9A61}.Release|x64.Deploy.0 = Release|Any CPU
		{B684B510-FA41-490B-84AE-389037BC9A61}.Release|x86.ActiveCfg = Release|Any CPU
		{B684B510-FA41-490B-84AE-389037BC9A61}.Release|x86.Build.0 = Release|Any CPU
		{B684B510-FA41-490B-84AE-389037BC9A61}.Release|x86.Deploy.0 = Release|Any CPU
		{992EF93B-6161-4185-83E1-7AF5D99FBBB4}.Debug|Any CPU.ActiveCfg = Debug|x86
		{992EF93B-6161-4185-83E1-7AF5D99FBBB4}.Debug|ARM.ActiveCfg = Debug|ARM
		{992EF93B-6161-4185-83E1-7AF5D99FBBB4}.Debug|ARM.Build.0 = Debug|ARM
		{992EF93B-6161-4185-83E1-7AF5D99FBBB4}.Debug|ARM.Deploy.0 = Debug|ARM
		{992EF93B-6161-4185-83E1-7AF5D99FBBB4}.Debug|iPhone.ActiveCfg = Debug|x86
		{992EF93B-6161-4185-83E1-7AF5D99FBBB4}.Debug|iPhoneSimulator.ActiveCfg = Debug|x86
		{992EF93B-6161-4185-83E1-7AF5D99FBBB4}.Debug|x64.ActiveCfg = Debug|x64
		{992EF93B-6161-4185-83E1-7AF5D99FBBB4}.Debug|x64.Build.0 = Debug|x64
		{992EF93B-6161-4185-83E1-7AF5D99FBBB4}.Debug|x64.Deploy.0 = Debug|x64
		{992EF93B-6161-4185-83E1-7AF5D99FBBB4}.Debug|x86.ActiveCfg = Debug|x86
		{992EF93B-6161-4185-83E1-7AF5D99FBBB4}.Debug|x86.Build.0 = Debug|x86
		{992EF93B-6161-4185-83E1-7AF5D99FBBB4}.Debug|x86.Deploy.0 = Debug|x86
		{992EF93B-6161-4185-83E1-7AF5D99FBBB4}.Release|Any CPU.ActiveCfg = Release|x86
		{992EF93B-6161-4185-83E1-7AF5D99FBBB4}.Release|ARM.ActiveCfg = Release|ARM
		{992EF93B-6161-4185-83E1-7AF5D99FBBB4}.Release|ARM.Build.0 = Release|ARM
		{992EF93B-6161-4185-83E1-7AF5D99FBBB4}.Release|ARM.Deploy.0 = Release|ARM
		{992EF93B-6161-4185-83E1-7AF5D99FBBB4}.Release|iPhone.ActiveCfg = Release|x86
		{992EF93B-6161-4185-83E1-7AF5D99FBBB4}.Release|iPhoneSimulator.ActiveCfg = Release|x86
		{992EF93B-6161-4185-83E1-7AF5D99FBBB4}.Release|x64.ActiveCfg = Release|x64
		{992EF93B-6161-4185-83E1-7AF5D99FBBB4}.Release|x64.Build.0 = Release|x64
		{992EF93B-6161-4185-83E1-7AF5D99FBBB4}.Release|x64.Deploy.0 = Release|x64
		{992EF93B-6161-4185-83E1-7AF5D99FBBB4}.Release|x86.ActiveCfg = Release|x86
		{992EF93B-6161-4185-83E1-7AF5D99FBBB4}.Release|x86.Build.0 = Release|x86
		{992EF93B-6161-4185-83E1-7AF5D99FBBB4}.Release|x86.Deploy.0 = Release|x86
		{19988708-454F-4895-963E-FFCDAEBC6EF3}.Debug|Any CPU.ActiveCfg = Debug|Any CPU
		{19988708-454F-4895-963E-FFCDAEBC6EF3}.Debug|Any CPU.Build.0 = Debug|Any CPU
		{19988708-454F-4895-963E-FFCDAEBC6EF3}.Debug|Any CPU.Deploy.0 = Debug|Any CPU
		{19988708-454F-4895-963E-FFCDAEBC6EF3}.Debug|ARM.ActiveCfg = Debug|Any CPU
		{19988708-454F-4895-963E-FFCDAEBC6EF3}.Debug|ARM.Build.0 = Debug|Any CPU
		{19988708-454F-4895-963E-FFCDAEBC6EF3}.Debug|ARM.Deploy.0 = Debug|Any CPU
		{19988708-454F-4895-963E-FFCDAEBC6EF3}.Debug|iPhone.ActiveCfg = Debug|Any CPU
		{19988708-454F-4895-963E-FFCDAEBC6EF3}.Debug|iPhone.Build.0 = Debug|Any CPU
		{19988708-454F-4895-963E-FFCDAEBC6EF3}.Debug|iPhone.Deploy.0 = Debug|Any CPU
		{19988708-454F-4895-963E-FFCDAEBC6EF3}.Debug|iPhoneSimulator.ActiveCfg = Debug|Any CPU
		{19988708-454F-4895-963E-FFCDAEBC6EF3}.Debug|iPhoneSimulator.Build.0 = Debug|Any CPU
		{19988708-454F-4895-963E-FFCDAEBC6EF3}.Debug|iPhoneSimulator.Deploy.0 = Debug|Any CPU
		{19988708-454F-4895-963E-FFCDAEBC6EF3}.Debug|x64.ActiveCfg = Debug|Any CPU
		{19988708-454F-4895-963E-FFCDAEBC6EF3}.Debug|x64.Build.0 = Debug|Any CPU
		{19988708-454F-4895-963E-FFCDAEBC6EF3}.Debug|x64.Deploy.0 = Debug|Any CPU
		{19988708-454F-4895-963E-FFCDAEBC6EF3}.Debug|x86.ActiveCfg = Debug|Any CPU
		{19988708-454F-4895-963E-FFCDAEBC6EF3}.Debug|x86.Build.0 = Debug|Any CPU
		{19988708-454F-4895-963E-FFCDAEBC6EF3}.Debug|x86.Deploy.0 = Debug|Any CPU
		{19988708-454F-4895-963E-FFCDAEBC6EF3}.Release|Any CPU.ActiveCfg = Release|Any CPU
		{19988708-454F-4895-963E-FFCDAEBC6EF3}.Release|Any CPU.Build.0 = Release|Any CPU
		{19988708-454F-4895-963E-FFCDAEBC6EF3}.Release|Any CPU.Deploy.0 = Release|Any CPU
		{19988708-454F-4895-963E-FFCDAEBC6EF3}.Release|ARM.ActiveCfg = Release|Any CPU
		{19988708-454F-4895-963E-FFCDAEBC6EF3}.Release|ARM.Build.0 = Release|Any CPU
		{19988708-454F-4895-963E-FFCDAEBC6EF3}.Release|ARM.Deploy.0 = Release|Any CPU
		{19988708-454F-4895-963E-FFCDAEBC6EF3}.Release|iPhone.ActiveCfg = Release|Any CPU
		{19988708-454F-4895-963E-FFCDAEBC6EF3}.Release|iPhone.Build.0 = Release|Any CPU
		{19988708-454F-4895-963E-FFCDAEBC6EF3}.Release|iPhone.Deploy.0 = Release|Any CPU
		{19988708-454F-4895-963E-FFCDAEBC6EF3}.Release|iPhoneSimulator.ActiveCfg = Release|Any CPU
		{19988708-454F-4895-963E-FFCDAEBC6EF3}.Release|iPhoneSimulator.Build.0 = Release|Any CPU
		{19988708-454F-4895-963E-FFCDAEBC6EF3}.Release|iPhoneSimulator.Deploy.0 = Release|Any CPU
		{19988708-454F-4895-963E-FFCDAEBC6EF3}.Release|x64.ActiveCfg = Release|Any CPU
		{19988708-454F-4895-963E-FFCDAEBC6EF3}.Release|x64.Build.0 = Release|Any CPU
		{19988708-454F-4895-963E-FFCDAEBC6EF3}.Release|x64.Deploy.0 = Release|Any CPU
		{19988708-454F-4895-963E-FFCDAEBC6EF3}.Release|x86.ActiveCfg = Release|Any CPU
		{19988708-454F-4895-963E-FFCDAEBC6EF3}.Release|x86.Build.0 = Release|Any CPU
		{19988708-454F-4895-963E-FFCDAEBC6EF3}.Release|x86.Deploy.0 = Release|Any CPU
		{9144C2CD-69CA-46A4-8297-7D2B34BD94BF}.Debug|Any CPU.ActiveCfg = Debug|iPhoneSimulator
		{9144C2CD-69CA-46A4-8297-7D2B34BD94BF}.Debug|ARM.ActiveCfg = Debug|iPhoneSimulator
		{9144C2CD-69CA-46A4-8297-7D2B34BD94BF}.Debug|iPhone.ActiveCfg = Debug|iPhone
		{9144C2CD-69CA-46A4-8297-7D2B34BD94BF}.Debug|iPhone.Build.0 = Debug|iPhone
		{9144C2CD-69CA-46A4-8297-7D2B34BD94BF}.Debug|iPhoneSimulator.ActiveCfg = Debug|iPhoneSimulator
		{9144C2CD-69CA-46A4-8297-7D2B34BD94BF}.Debug|iPhoneSimulator.Build.0 = Debug|iPhoneSimulator
		{9144C2CD-69CA-46A4-8297-7D2B34BD94BF}.Debug|x64.ActiveCfg = Debug|iPhoneSimulator
		{9144C2CD-69CA-46A4-8297-7D2B34BD94BF}.Debug|x86.ActiveCfg = Debug|iPhoneSimulator
		{9144C2CD-69CA-46A4-8297-7D2B34BD94BF}.Release|Any CPU.ActiveCfg = Release|iPhoneSimulator
		{9144C2CD-69CA-46A4-8297-7D2B34BD94BF}.Release|ARM.ActiveCfg = Release|iPhoneSimulator
		{9144C2CD-69CA-46A4-8297-7D2B34BD94BF}.Release|iPhone.ActiveCfg = Release|iPhone
		{9144C2CD-69CA-46A4-8297-7D2B34BD94BF}.Release|iPhone.Build.0 = Release|iPhone
		{9144C2CD-69CA-46A4-8297-7D2B34BD94BF}.Release|iPhoneSimulator.ActiveCfg = Release|iPhoneSimulator
		{9144C2CD-69CA-46A4-8297-7D2B34BD94BF}.Release|iPhoneSimulator.Build.0 = Release|iPhoneSimulator
		{9144C2CD-69CA-46A4-8297-7D2B34BD94BF}.Release|x64.ActiveCfg = Release|iPhoneSimulator
		{9144C2CD-69CA-46A4-8297-7D2B34BD94BF}.Release|x86.ActiveCfg = Release|iPhoneSimulator
		{B4301151-29A8-42E2-9F20-0831070B8956}.Debug|Any CPU.ActiveCfg = Debug|Any CPU
		{B4301151-29A8-42E2-9F20-0831070B8956}.Debug|Any CPU.Build.0 = Debug|Any CPU
		{B4301151-29A8-42E2-9F20-0831070B8956}.Debug|ARM.ActiveCfg = Debug|Any CPU
		{B4301151-29A8-42E2-9F20-0831070B8956}.Debug|ARM.Build.0 = Debug|Any CPU
		{B4301151-29A8-42E2-9F20-0831070B8956}.Debug|iPhone.ActiveCfg = Debug|Any CPU
		{B4301151-29A8-42E2-9F20-0831070B8956}.Debug|iPhone.Build.0 = Debug|Any CPU
		{B4301151-29A8-42E2-9F20-0831070B8956}.Debug|iPhoneSimulator.ActiveCfg = Debug|Any CPU
		{B4301151-29A8-42E2-9F20-0831070B8956}.Debug|iPhoneSimulator.Build.0 = Debug|Any CPU
		{B4301151-29A8-42E2-9F20-0831070B8956}.Debug|x64.ActiveCfg = Debug|Any CPU
		{B4301151-29A8-42E2-9F20-0831070B8956}.Debug|x64.Build.0 = Debug|Any CPU
		{B4301151-29A8-42E2-9F20-0831070B8956}.Debug|x86.ActiveCfg = Debug|Any CPU
		{B4301151-29A8-42E2-9F20-0831070B8956}.Debug|x86.Build.0 = Debug|Any CPU
		{B4301151-29A8-42E2-9F20-0831070B8956}.Release|Any CPU.ActiveCfg = Release|Any CPU
		{B4301151-29A8-42E2-9F20-0831070B8956}.Release|Any CPU.Build.0 = Release|Any CPU
		{B4301151-29A8-42E2-9F20-0831070B8956}.Release|ARM.ActiveCfg = Release|Any CPU
		{B4301151-29A8-42E2-9F20-0831070B8956}.Release|ARM.Build.0 = Release|Any CPU
		{B4301151-29A8-42E2-9F20-0831070B8956}.Release|iPhone.ActiveCfg = Release|Any CPU
		{B4301151-29A8-42E2-9F20-0831070B8956}.Release|iPhone.Build.0 = Release|Any CPU
		{B4301151-29A8-42E2-9F20-0831070B8956}.Release|iPhoneSimulator.ActiveCfg = Release|Any CPU
		{B4301151-29A8-42E2-9F20-0831070B8956}.Release|iPhoneSimulator.Build.0 = Release|Any CPU
		{B4301151-29A8-42E2-9F20-0831070B8956}.Release|x64.ActiveCfg = Release|Any CPU
		{B4301151-29A8-42E2-9F20-0831070B8956}.Release|x64.Build.0 = Release|Any CPU
		{B4301151-29A8-42E2-9F20-0831070B8956}.Release|x86.ActiveCfg = Release|Any CPU
		{B4301151-29A8-42E2-9F20-0831070B8956}.Release|x86.Build.0 = Release|Any CPU
	EndGlobalSection
	GlobalSection(SolutionProperties) = preSolution
		HideSolutionNode = FALSE
	EndGlobalSection
	GlobalSection(NestedProjects) = preSolution
		{602DED7D-DE7B-42A3-A894-FDFA1279D536} = {55B1C0EA-6B2D-4A2E-AB42-1603CDC2D696}
		{4A30E7A2-CE14-40BA-9666-6878ADE63772} = {55B1C0EA-6B2D-4A2E-AB42-1603CDC2D696}
		{B684B510-FA41-490B-84AE-389037BC9A61} = {55B1C0EA-6B2D-4A2E-AB42-1603CDC2D696}
		{992EF93B-6161-4185-83E1-7AF5D99FBBB4} = {719C0A04-E1A9-476F-B195-9EB88FAF647B}
		{19988708-454F-4895-963E-FFCDAEBC6EF3} = {719C0A04-E1A9-476F-B195-9EB88FAF647B}
		{9144C2CD-69CA-46A4-8297-7D2B34BD94BF} = {719C0A04-E1A9-476F-B195-9EB88FAF647B}
		{B4301151-29A8-42E2-9F20-0831070B8956} = {719C0A04-E1A9-476F-B195-9EB88FAF647B}
	EndGlobalSection
	GlobalSection(ExtensibilityGlobals) = postSolution
		SolutionGuid = {96EAE5E7-A10C-4EA8-83BE-CE7AD97F1DD6}
	EndGlobalSection
EndGlobal
